# This file is automatically @generated by Cargo.
# It is not intended for manual editing.
version = 4

[[package]]
name = "aegis-diagnostics"
version = "0.1.0"

[[package]]
name = "aegis-init"
version = "0.1.0"

[[package]]
name = "aegis-recovery"
version = "0.1.0"

[[package]]
name = "aegis-shell"
version = "0.1.0"

[[package]]
name = "aegisctl"
version = "0.1.0"

[[package]]
name = "netctl"
version = "0.1.0"

[[package]]
name = "service-manager"
version = "0.1.0"

[[package]]
name = "update-manager"
version = "0.1.0"
